// !$*UTF8*$!
{
	archiveVersion = 1;
	classes = {
	};
	objectVersion = 50;
	objects = {

/* Begin PBXBuildFile section */
		30B09D64253CFFEB004B8FC8 /* AppDelegate.swift in Sources */ = {isa = PBXBuildFile; fileRef = 30B09D63253CFFEB004B8FC8 /* AppDelegate.swift */; };
		30B09D66253CFFEB004B8FC8 /* SceneDelegate.swift in Sources */ = {isa = PBXBuildFile; fileRef = 30B09D65253CFFEB004B8FC8 /* SceneDelegate.swift */; };
		30B09D68253CFFEB004B8FC8 /* ViewController.swift in Sources */ = {isa = PBXBuildFile; fileRef = 30B09D67253CFFEB004B8FC8 /* ViewController.swift */; };
		30B09D6B253CFFEB004B8FC8 /* Main.storyboard in Resources */ = {isa = PBXBuildFile; fileRef = 30B09D69253CFFEB004B8FC8 /* Main.storyboard */; };
		30B09D6D253CFFEC004B8FC8 /* Assets.xcassets in Resources */ = {isa = PBXBuildFile; fileRef = 30B09D6C253CFFEC004B8FC8 /* Assets.xcassets */; };
		30B09D70253CFFEC004B8FC8 /* LaunchScreen.storyboard in Resources */ = {isa = PBXBuildFile; fileRef = 30B09D6E253CFFEC004B8FC8 /* LaunchScreen.storyboard */; };
		30B09D7B253CFFEC004B8FC8 /* Project2Tests.swift in Sources */ = {isa = PBXBuildFile; fileRef = 30B09D7A253CFFEC004B8FC8 /* Project2Tests.swift */; };
		30B09D86253CFFEC004B8FC8 /* Project2UITests.swift in Sources */ = {isa = PBXBuildFile; fileRef = 30B09D85253CFFEC004B8FC8 /* Project2UITests.swift */; };
/* End PBXBuildFile section */

/* Begin PBXContainerItemProxy section */
		30B09D77253CFFEC004B8FC8 /* PBXContainerItemProxy */ = {
			isa = PBXContainerItemProxy;
			containerPortal = 30B09D58253CFFEB004B8FC8 /* Project object */;
			proxyType = 1;
			remoteGlobalIDString = 30B09D5F253CFFEB004B8FC8;
			remoteInfo = Project2;
		};
		30B09D82253CFFEC004B8FC8 /* PBXContainerItemProxy */ = {
			isa = PBXContainerItemProxy;
			containerPortal = 30B09D58253CFFEB004B8FC8 /* Project object */;
			proxyType = 1;
			remoteGlobalIDString = 30B09D5F253CFFEB004B8FC8;
			remoteInfo = Project2;
		};
/* End PBXContainerItemProxy section */

/* Begin PBXFileReference section */
		30B09D60253CFFEB004B8FC8 /* Project2.app */ = {isa = PBXFileReference; explicitFileType = wrapper.application; includeInIndex = 0; path = Project2.app; sourceTree = BUILT_PRODUCTS_DIR; };
		30B09D63253CFFEB004B8FC8 /* AppDelegate.swift */ = {isa = PBXFileReference; lastKnownFileType = sourcecode.swift; path = AppDelegate.swift; sourceTree = "<group>"; };
		30B09D65253CFFEB004B8FC8 /* SceneDelegate.swift */ = {isa = PBXFileReference; lastKnownFileType = sourcecode.swift; path = SceneDelegate.swift; sourceTree = "<group>"; };
		30B09D67253CFFEB004B8FC8 /* ViewController.swift */ = {isa = PBXFileReference; lastKnownFileType = sourcecode.swift; path = ViewController.swift; sourceTree = "<group>"; };
		30B09D6A253CFFEB004B8FC8 /* Base */ = {isa = PBXFileReference; lastKnownFileType = file.storyboard; name = Base; path = Base.lproj/Main.storyboard; sourceTree = "<group>"; };
		30B09D6C253CFFEC004B8FC8 /* Assets.xcassets */ = {isa = PBXFileReference; lastKnownFileType = folder.assetcatalog; path = Assets.xcassets; sourceTree = "<group>"; };
		30B09D6F253CFFEC004B8FC8 /* Base */ = {isa = PBXFileReference; lastKnownFileType = file.storyboard; name = Base; path = Base.lproj/LaunchScreen.storyboard; sourceTree = "<group>"; };
		30B09D71253CFFEC004B8FC8 /* Info.plist */ = {isa = PBXFileReference; lastKnownFileType = text.plist.xml; path = Info.plist; sourceTree = "<group>"; };
		30B09D76253CFFEC004B8FC8 /* Project2Tests.xctest */ = {isa = PBXFileReference; explicitFileType = wrapper.cfbundle; includeInIndex = 0; path = Project2Tests.xctest; sourceTree = BUILT_PRODUCTS_DIR; };
		30B09D7A253CFFEC004B8FC8 /* Project2Tests.swift */ = {isa = PBXFileReference; lastKnownFileType = sourcecode.swift; path = Project2Tests.swift; sourceTree = "<group>"; };
		30B09D7C253CFFEC004B8FC8 /* Info.plist */ = {isa = PBXFileReference; lastKnownFileType = text.plist.xml; path = Info.plist; sourceTree = "<group>"; };
		30B09D81253CFFEC004B8FC8 /* Project2UITests.xctest */ = {isa = PBXFileReference; explicitFileType = wrapper.cfbundle; includeInIndex = 0; path = Project2UITests.xctest; sourceTree = BUILT_PRODUCTS_DIR; };
		30B09D85253CFFEC004B8FC8 /* Project2UITests.swift */ = {isa = PBXFileReference; lastKnownFileType = sourcecode.swift; path = Project2UITests.swift; sourceTree = "<group>"; };
		30B09D87253CFFEC004B8FC8 /* Info.plist */ = {isa = PBXFileReference; lastKnownFileType = text.plist.xml; path = Info.plist; sourceTree = "<group>"; };
/* End PBXFileReference section */

/* Begin PBXFrameworksBuildPhase section */
		30B09D5D253CFFEB004B8FC8 /* Frameworks */ = {
			isa = PBXFrameworksBuildPhase;
			buildActionMask = 2147483647;
			files = (
			);
			runOnlyForDeploymentPostprocessing = 0;
		};
		30B09D73253CFFEC004B8FC8 /* Frameworks */ = {
			isa = PBXFrameworksBuildPhase;
			buildActionMask = 2147483647;
			files = (
			);
			runOnlyForDeploymentPostprocessing = 0;
		};
		30B09D7E253CFFEC004B8FC8 /* Frameworks */ = {
			isa = PBXFrameworksBuildPhase;
			buildActionMask = 2147483647;
			files = (
			);
			runOnlyForDeploymentPostprocessing = 0;
		};
/* End PBXFrameworksBuildPhase section */

/* Begin PBXGroup section */
		30B09D57253CFFEB004B8FC8 = {
			isa = PBXGroup;
			children = (
				30B09D62253CFFEB004B8FC8 /* Project2 */,
				30B09D79253CFFEC004B8FC8 /* Project2Tests */,
				30B09D84253CFFEC004B8FC8 /* Project2UITests */,
				30B09D61253CFFEB004B8FC8 /* Products */,
			);
			sourceTree = "<group>";
		};
		30B09D61253CFFEB004B8FC8 /* Products */ = {
			isa = PBXGroup;
			children = (
				30B09D60253CFFEB004B8FC8 /* Project2.app */,
				30B09D76253CFFEC004B8FC8 /* Project2Tests.xctest */,
				30B09D81253CFFEC004B8FC8 /* Project2UITests.xctest */,
			);
			name = Products;
			sourceTree = "<group>";
		};
		30B09D62253CFFEB004B8FC8 /* Project2 */ = {
			isa = PBXGroup;
			children = (
				30B09D63253CFFEB004B8FC8 /* AppDelegate.swift */,
				30B09D65253CFFEB004B8FC8 /* SceneDelegate.swift */,
				30B09D67253CFFEB004B8FC8 /* ViewController.swift */,
				30B09D69253CFFEB004B8FC8 /* Main.storyboard */,
				30B09D6C253CFFEC004B8FC8 /* Assets.xcassets */,
				30B09D6E253CFFEC004B8FC8 /* LaunchScreen.storyboard */,
				30B09D71253CFFEC004B8FC8 /* Info.plist */,
			);
			path = Project2;
			sourceTree = "<group>";
		};
		30B09D79253CFFEC004B8FC8 /* Project2Tests */ = {
			isa = PBXGroup;
			children = (
				30B09D7A253CFFEC004B8FC8 /* Project2Tests.swift */,
				30B09D7C253CFFEC004B8FC8 /* Info.plist */,
			);
			path = Project2Tests;
			sourceTree = "<group>";
		};
		30B09D84253CFFEC004B8FC8 /* Project2UITests */ = {
			isa = PBXGroup;
			children = (
				30B09D85253CFFEC004B8FC8 /* Project2UITests.swift */,
				30B09D87253CFFEC004B8FC8 /* Info.plist */,
			);
			path = Project2UITests;
			sourceTree = "<group>";
		};
/* End PBXGroup section */

/* Begin PBXNativeTarget section */
		30B09D5F253CFFEB004B8FC8 /* Project2 */ = {
			isa = PBXNativeTarget;
			buildConfigurationList = 30B09D8A253CFFEC004B8FC8 /* Build configuration list for PBXNativeTarget "Project2" */;
			buildPhases = (
				30B09D5C253CFFEB004B8FC8 /* Sources */,
				30B09D5D253CFFEB004B8FC8 /* Frameworks */,
				30B09D5E253CFFEB004B8FC8 /* Resources */,
			);
			buildRules = (
			);
			dependencies = (
			);
			name = Project2;
			productName = Project2;
			productReference = 30B09D60253CFFEB004B8FC8 /* Project2.app */;
			productType = "com.apple.product-type.application";
		};
		30B09D75253CFFEC004B8FC8 /* Project2Tests */ = {
			isa = PBXNativeTarget;
			buildConfigurationList = 30B09D8D253CFFEC004B8FC8 /* Build configuration list for PBXNativeTarget "Project2Tests" */;
			buildPhases = (
				30B09D72253CFFEC004B8FC8 /* Sources */,
				30B09D73253CFFEC004B8FC8 /* Frameworks */,
				30B09D74253CFFEC004B8FC8 /* Resources */,
			);
			buildRules = (
			);
			dependencies = (
				30B09D78253CFFEC004B8FC8 /* PBXTargetDependency */,
			);
			name = Project2Tests;
			productName = Project2Tests;
			productReference = 30B09D76253CFFEC004B8FC8 /* Project2Tests.xctest */;
			productType = "com.apple.product-type.bundle.unit-test";
		};
		30B09D80253CFFEC004B8FC8 /* Project2UITests */ = {
			isa = PBXNativeTarget;
			buildConfigurationList = 30B09D90253CFFEC004B8FC8 /* Build configuration list for PBXNativeTarget "Project2UITests" */;
			buildPhases = (
				30B09D7D253CFFEC004B8FC8 /* Sources */,
				30B09D7E253CFFEC004B8FC8 /* Frameworks */,
				30B09D7F253CFFEC004B8FC8 /* Resources */,
			);
			buildRules = (
			);
			dependencies = (
				30B09D83253CFFEC004B8FC8 /* PBXTargetDependency */,
			);
			name = Project2UITests;
			productName = Project2UITests;
			productReference = 30B09D81253CFFEC004B8FC8 /* Project2UITests.xctest */;
			productType = "com.apple.product-type.bundle.ui-testing";
		};
/* End PBXNativeTarget section */

/* Begin PBXProject section */
		30B09D58253CFFEB004B8FC8 /* Project object */ = {
			isa = PBXProject;
			attributes = {
				LastSwiftUpdateCheck = 1200;
				LastUpgradeCheck = 1200;
				TargetAttributes = {
					30B09D5F253CFFEB004B8FC8 = {
						CreatedOnToolsVersion = 12.0.1;
					};
					30B09D75253CFFEC004B8FC8 = {
						CreatedOnToolsVersion = 12.0.1;
						TestTargetID = 30B09D5F253CFFEB004B8FC8;
					};
					30B09D80253CFFEC004B8FC8 = {
						CreatedOnToolsVersion = 12.0.1;
						TestTargetID = 30B09D5F253CFFEB004B8FC8;
					};
				};
			};
			buildConfigurationList = 30B09D5B253CFFEB004B8FC8 /* Build configuration list for PBXProject "Project2" */;
			compatibilityVersion = "Xcode 9.3";
			developmentRegion = en;
			hasScannedForEncodings = 0;
			knownRegions = (
				en,
				Base,
			);
			mainGroup = 30B09D57253CFFEB004B8FC8;
			productRefGroup = 30B09D61253CFFEB004B8FC8 /* Products */;
			projectDirPath = "";
			projectRoot = "";
			targets = (
				30B09D5F253CFFEB004B8FC8 /* Project2 */,
				30B09D75253CFFEC004B8FC8 /* Project2Tests */,
				30B09D80253CFFEC004B8FC8 /* Project2UITests */,
			);
		};
/* End PBXProject section */

/* Begin PBXResourcesBuildPhase section */
		30B09D5E253CFFEB004B8FC8 /* Resources */ = {
			isa = PBXResourcesBuildPhase;
			buildActionMask = 2147483647;
			files = (
				30B09D70253CFFEC004B8FC8 /* LaunchScreen.storyboard in Resources */,
				30B09D6D253CFFEC004B8FC8 /* Assets.xcassets in Resources */,
				30B09D6B253CFFEB004B8FC8 /* Main.storyboard in Resources */,
			);
			runOnlyForDeploymentPostprocessing = 0;
		};
		30B09D74253CFFEC004B8FC8 /* Resources */ = {
			isa = PBXResourcesBuildPhase;
			buildActionMask = 2147483647;
			files = (
			);
			runOnlyForDeploymentPostprocessing = 0;
		};
		30B09D7F253CFFEC004B8FC8 /* Resources */ = {
			isa = PBXResourcesBuildPhase;
			buildActionMask = 2147483647;
			files = (
			);
			runOnlyForDeploymentPostprocessing = 0;
		};
/* End PBXResourcesBuildPhase section */

/* Begin PBXSourcesBuildPhase section */
		30B09D5C253CFFEB004B8FC8 /* Sources */ = {
			isa = PBXSourcesBuildPhase;
			buildActionMask = 2147483647;
			files = (
				30B09D68253CFFEB004B8FC8 /* ViewController.swift in Sources */,
				30B09D64253CFFEB004B8FC8 /* AppDelegate.swift in Sources */,
				30B09D66253CFFEB004B8FC8 /* SceneDelegate.swift in Sources */,
			);
			runOnlyForDeploymentPostprocessing = 0;
		};
		30B09D72253CFFEC004B8FC8 /* Sources */ = {
			isa = PBXSourcesBuildPhase;
			buildActionMask = 2147483647;
			files = (
				30B09D7B253CFFEC004B8FC8 /* Project2Tests.swift in Sources */,
			);
			runOnlyForDeploymentPostprocessing = 0;
		};
		30B09D7D253CFFEC004B8FC8 /* Sources */ = {
			isa = PBXSourcesBuildPhase;
			buildActionMask = 2147483647;
			files = (
				30B09D86253CFFEC004B8FC8 /* Project2UITests.swift in Sources */,
			);
			runOnlyForDeploymentPostprocessing = 0;
		};
/* End PBXSourcesBuildPhase section */

/* Begin PBXTargetDependency section */
		30B09D78253CFFEC004B8FC8 /* PBXTargetDependency */ = {
			isa = PBXTargetDependency;
			target = 30B09D5F253CFFEB004B8FC8 /* Project2 */;
			targetProxy = 30B09D77253CFFEC004B8FC8 /* PBXContainerItemProxy */;
		};
		30B09D83253CFFEC004B8FC8 /* PBXTargetDependency */ = {
			isa = PBXTargetDependency;
			target = 30B09D5F253CFFEB004B8FC8 /* Project2 */;
			targetProxy = 30B09D82253CFFEC004B8FC8 /* PBXContainerItemProxy */;
		};
/* End PBXTargetDependency section */

/* Begin PBXVariantGroup section */
		30B09D69253CFFEB004B8FC8 /* Main.storyboard */ = {
			isa = PBXVariantGroup;
			children = (
				30B09D6A253CFFEB004B8FC8 /* Base */,
			);
			name = Main.storyboard;
			sourceTree = "<group>";
		};
		30B09D6E253CFFEC004B8FC8 /* LaunchScreen.storyboard */ = {
			isa = PBXVariantGroup;
			children = (
				30B09D6F253CFFEC004B8FC8 /* Base */,
			);
			name = LaunchScreen.storyboard;
			sourceTree = "<group>";
		};
/* End PBXVariantGroup section */

/* Begin XCBuildConfiguration section */
		30B09D88253CFFEC004B8FC8 /* Debug */ = {
			isa = XCBuildConfiguration;
			buildSettings = {
				ALWAYS_SEARCH_USER_PATHS = NO;
				CLANG_ANALYZER_NONNULL = YES;
				CLANG_ANALYZER_NUMBER_OBJECT_CONVERSION = YES_AGGRESSIVE;
				CLANG_CXX_LANGUAGE_STANDARD = "gnu++14";
				CLANG_CXX_LIBRARY = "libc++";
				CLANG_ENABLE_MODULES = YES;
				CLANG_ENABLE_OBJC_ARC = YES;
				CLANG_ENABLE_OBJC_WEAK = YES;
				CLANG_WARN_BLOCK_CAPTURE_AUTORELEASING = YES;
				CLANG_WARN_BOOL_CONVERSION = YES;
				CLANG_WARN_COMMA = YES;
				CLANG_WARN_CONSTANT_CONVERSION = YES;
				CLANG_WARN_DEPRECATED_OBJC_IMPLEMENTATIONS = YES;
				CLANG_WARN_DIRECT_OBJC_ISA_USAGE = YES_ERROR;
				CLANG_WARN_DOCUMENTATION_COMMENTS = YES;
				CLANG_WARN_EMPTY_BODY = YES;
				CLANG_WARN_ENUM_CONVERSION = YES;
				CLANG_WARN_INFINITE_RECURSION = YES;
				CLANG_WARN_INT_CONVERSION = YES;
				CLANG_WARN_NON_LITERAL_NULL_CONVERSION = YES;
				CLANG_WARN_OBJC_IMPLICIT_RETAIN_SELF = YES;
				CLANG_WARN_OBJC_LITERAL_CONVERSION = YES;
				CLANG_WARN_OBJC_ROOT_CLASS = YES_ERROR;
				CLANG_WARN_QUOTED_INCLUDE_IN_FRAMEWORK_HEADER = YES;
				CLANG_WARN_RANGE_LOOP_ANALYSIS = YES;
				CLANG_WARN_STRICT_PROTOTYPES = YES;
				CLANG_WARN_SUSPICIOUS_MOVE = YES;
				CLANG_WARN_UNGUARDED_AVAILABILITY = YES_AGGRESSIVE;
				CLANG_WARN_UNREACHABLE_CODE = YES;
				CLANG_WARN__DUPLICATE_METHOD_MATCH = YES;
				COPY_PHASE_STRIP = NO;
				DEBUG_INFORMATION_FORMAT = dwarf;
				ENABLE_STRICT_OBJC_MSGSEND = YES;
				ENABLE_TESTABILITY = YES;
				GCC_C_LANGUAGE_STANDARD = gnu11;
				GCC_DYNAMIC_NO_PIC = NO;
				GCC_NO_COMMON_BLOCKS = YES;
				GCC_OPTIMIZATION_LEVEL = 0;
				GCC_PREPROCESSOR_DEFINITIONS = (
					"DEBUG=1",
					"$(inherited)",
				);
				GCC_WARN_64_TO_32_BIT_CONVERSION = YES;
				GCC_WARN_ABOUT_RETURN_TYPE = YES_ERROR;
				GCC_WARN_UNDECLARED_SELECTOR = YES;
				GCC_WARN_UNINITIALIZED_AUTOS = YES_AGGRESSIVE;
				GCC_WARN_UNUSED_FUNCTION = YES;
				GCC_WARN_UNUSED_VARIABLE = YES;
				IPHONEOS_DEPLOYMENT_TARGET = 14.0;
				MTL_ENABLE_DEBUG_INFO = INCLUDE_SOURCE;
				MTL_FAST_MATH = YES;
				ONLY_ACTIVE_ARCH = YES;
				SDKROOT = iphoneos;
				SWIFT_ACTIVE_COMPILATION_CONDITIONS = DEBUG;
				SWIFT_OPTIMIZATION_LEVEL = "-Onone";
			};
			name = Debug;
		};
		30B09D89253CFFEC004B8FC8 /* Release */ = {
			isa = XCBuildConfiguration;
			buildSettings = {
				ALWAYS_SEARCH_USER_PATHS = NO;
				CLANG_ANALYZER_NONNULL = YES;
				CLANG_ANALYZER_NUMBER_OBJECT_CONVERSION = YES_AGGRESSIVE;
				CLANG_CXX_LANGUAGE_STANDARD = "gnu++14";
				CLANG_CXX_LIBRARY = "libc++";
				CLANG_ENABLE_MODULES = YES;
				CLANG_ENABLE_OBJC_ARC = YES;
				CLANG_ENABLE_OBJC_WEAK = YES;
				CLANG_WARN_BLOCK_CAPTURE_AUTORELEASING = YES;
				CLANG_WARN_BOOL_CONVERSION = YES;
				CLANG_WARN_COMMA = YES;
				CLANG_WARN_CONSTANT_CONVERSION = YES;
				CLANG_WARN_DEPRECATED_OBJC_IMPLEMENTATIONS = YES;
				CLANG_WARN_DIRECT_OBJC_ISA_USAGE = YES_ERROR;
				CLANG_WARN_DOCUMENTATION_COMMENTS = YES;
				CLANG_WARN_EMPTY_BODY = YES;
				CLANG_WARN_ENUM_CONVERSION = YES;
				CLANG_WARN_INFINITE_RECURSION = YES;
				CLANG_WARN_INT_CONVERSION = YES;
				CLANG_WARN_NON_LITERAL_NULL_CONVERSION = YES;
				CLANG_WARN_OBJC_IMPLICIT_RETAIN_SELF = YES;
				CLANG_WARN_OBJC_LITERAL_CONVERSION = YES;
				CLANG_WARN_OBJC_ROOT_CLASS = YES_ERROR;
				CLANG_WARN_QUOTED_INCLUDE_IN_FRAMEWORK_HEADER = YES;
				CLANG_WARN_RANGE_LOOP_ANALYSIS = YES;
				CLANG_WARN_STRICT_PROTOTYPES = YES;
				CLANG_WARN_SUSPICIOUS_MOVE = YES;
				CLANG_WARN_UNGUARDED_AVAILABILITY = YES_AGGRESSIVE;
				CLANG_WARN_UNREACHABLE_CODE = YES;
				CLANG_WARN__DUPLICATE_METHOD_MATCH = YES;
				COPY_PHASE_STRIP = NO;
				DEBUG_INFORMATION_FORMAT = "dwarf-with-dsym";
				ENABLE_NS_ASSERTIONS = NO;
				ENABLE_STRICT_OBJC_MSGSEND = YES;
				GCC_C_LANGUAGE_STANDARD = gnu11;
				GCC_NO_COMMON_BLOCKS = YES;
				GCC_WARN_64_TO_32_BIT_CONVERSION = YES;
				GCC_WARN_ABOUT_RETURN_TYPE = YES_ERROR;
				GCC_WARN_UNDECLARED_SELECTOR = YES;
				GCC_WARN_UNINITIALIZED_AUTOS = YES_AGGRESSIVE;
				GCC_WARN_UNUSED_FUNCTION = YES;
				GCC_WARN_UNUSED_VARIABLE = YES;
				IPHONEOS_DEPLOYMENT_TARGET = 14.0;
				MTL_ENABLE_DEBUG_INFO = NO;
				MTL_FAST_MATH = YES;
				SDKROOT = iphoneos;
				SWIFT_COMPILATION_MODE = wholemodule;
				SWIFT_OPTIMIZATION_LEVEL = "-O";
				VALIDATE_PRODUCT = YES;
			};
			name = Release;
		};
		30B09D8B253CFFEC004B8FC8 /* Debug */ = {
			isa = XCBuildConfiguration;
			buildSettings = {
				ASSETCATALOG_COMPILER_APPICON_NAME = AppIcon;
				ASSETCATALOG_COMPILER_GLOBAL_ACCENT_COLOR_NAME = AccentColor;
				CODE_SIGN_STYLE = Automatic;
				INFOPLIST_FILE = Project2/Info.plist;
				LD_RUNPATH_SEARCH_PATHS = (
					"$(inherited)",
					"@executable_path/Frameworks",
				);
				PRODUCT_BUNDLE_IDENTIFIER = Chris.Project2;
				PRODUCT_NAME = "$(TARGET_NAME)";
				SWIFT_VERSION = 5.0;
				TARGETED_DEVICE_FAMILY = "1,2";
			};
			name = Debug;
		};
		30B09D8C253CFFEC004B8FC8 /* Release */ = {
			isa = XCBuildConfiguration;
			buildSettings = {
				ASSETCATALOG_COMPILER_APPICON_NAME = AppIcon;
				ASSETCATALOG_COMPILER_GLOBAL_ACCENT_COLOR_NAME = AccentColor;
				CODE_SIGN_STYLE = Automatic;
				INFOPLIST_FILE = Project2/Info.plist;
				LD_RUNPATH_SEARCH_PATHS = (
					"$(inherited)",
					"@executable_path/Frameworks",
				);
				PRODUCT_BUNDLE_IDENTIFIER = Chris.Project2;
				PRODUCT_NAME = "$(TARGET_NAME)";
				SWIFT_VERSION = 5.0;
				TARGETED_DEVICE_FAMILY = "1,2";
			};
			name = Release;
		};
		30B09D8E253CFFEC004B8FC8 /* Debug */ = {
			isa = XCBuildConfiguration;
			buildSettings = {
				ALWAYS_EMBED_SWIFT_STANDARD_LIBRARIES = YES;
				BUNDLE_LOADER = "$(TEST_HOST)";
				CODE_SIGN_STYLE = Automatic;
				INFOPLIST_FILE = Project2Tests/Info.plist;
				IPHONEOS_DEPLOYMENT_TARGET = 14.0;
				LD_RUNPATH_SEARCH_PATHS = (
					"$(inherited)",
					"@executable_path/Frameworks",
					"@loader_path/Frameworks",
				);
				PRODUCT_BUNDLE_IDENTIFIER = Chris.Project2Tests;
				PRODUCT_NAME = "$(TARGET_NAME)";
				SWIFT_VERSION = 5.0;
				TARGETED_DEVICE_FAMILY = "1,2";
				TEST_HOST = "$(BUILT_PRODUCTS_DIR)/Project2.app/Project2";
			};
			name = Debug;
		};
		30B09D8F253CFFEC004B8FC8 /* Release */ = {
			isa = XCBuildConfiguration;
			buildSettings = {
				ALWAYS_EMBED_SWIFT_STANDARD_LIBRARIES = YES;
				BUNDLE_LOADER = "$(TEST_HOST)";
				CODE_SIGN_STYLE = Automatic;
				INFOPLIST_FILE = Project2Tests/Info.plist;
				IPHONEOS_DEPLOYMENT_TARGET = 14.0;
				LD_RUNPATH_SEARCH_PATHS = (
					"$(inherited)",
					"@executable_path/Frameworks",
					"@loader_path/Frameworks",
				);
				PRODUCT_BUNDLE_IDENTIFIER = Chris.Project2Tests;
				PRODUCT_NAME = "$(TARGET_NAME)";
				SWIFT_VERSION = 5.0;
				TARGETED_DEVICE_FAMILY = "1,2";
				TEST_HOST = "$(BUILT_PRODUCTS_DIR)/Project2.app/Project2";
			};
			name = Release;
		};
		30B09D91253CFFEC004B8FC8 /* Debug */ = {
			isa = XCBuildConfiguration;
			buildSettings = {
				ALWAYS_EMBED_SWIFT_STANDARD_LIBRARIES = YES;
				CODE_SIGN_STYLE = Automatic;
				INFOPLIST_FILE = Project2UITests/Info.plist;
				LD_RUNPATH_SEARCH_PATHS = (
					"$(inherited)",
					"@executable_path/Frameworks",
					"@loader_path/Frameworks",
				);
				PRODUCT_BUNDLE_IDENTIFIER = Chris.Project2UITests;
				PRODUCT_NAME = "$(TARGET_NAME)";
				SWIFT_VERSION = 5.0;
				TARGETED_DEVICE_FAMILY = "1,2";
				TEST_TARGET_NAME = Project2;
			};
			name = Debug;
		};
		30B09D92253CFFEC004B8FC8 /* Release */ = {
			isa = XCBuildConfiguration;
			buildSettings = {
				ALWAYS_EMBED_SWIFT_STANDARD_LIBRARIES = YES;
				CODE_SIGN_STYLE = Automatic;
				INFOPLIST_FILE = Project2UITests/Info.plist;
				LD_RUNPATH_SEARCH_PATHS = (
					"$(inherited)",
					"@executable_path/Frameworks",
					"@loader_path/Frameworks",
				);
				PRODUCT_BUNDLE_IDENTIFIER = Chris.Project2UITests;
				PRODUCT_NAME = "$(TARGET_NAME)";
				SWIFT_VERSION = 5.0;
				TARGETED_DEVICE_FAMILY = "1,2";
				TEST_TARGET_NAME = Project2;
			};
			name = Release;
		};
/* End XCBuildConfiguration section */

/* Begin XCConfigurationList section */
		30B09D5B253CFFEB004B8FC8 /* Build configuration list for PBXProject "Project2" */ = {
			isa = XCConfigurationList;
			buildConfigurations = (
				30B09D88253CFFEC004B8FC8 /* Debug */,
				30B09D89253CFFEC004B8FC8 /* Release */,
			);
			defaultConfigurationIsVisible = 0;
			defaultConfigurationName = Release;
		};
		30B09D8A253CFFEC004B8FC8 /* Build configuration list for PBXNativeTarget "Project2" */ = {
			isa = XCConfigurationList;
			buildConfigurations = (
				30B09D8B253CFFEC004B8FC8 /* Debug */,
				30B09D8C253CFFEC004B8FC8 /* Release */,
			);
			defaultConfigurationIsVisible = 0;
			defaultConfigurationName = Release;
		};
		30B09D8D253CFFEC004B8FC8 /* Build configuration list for PBXNativeTarget "Project2Tests" */ = {
			isa = XCConfigurationList;
			buildConfigurations = (
				30B09D8E253CFFEC004B8FC8 /* Debug */,
				30B09D8F253CFFEC004B8FC8 /* Release */,
			);
			defaultConfigurationIsVisible = 0;
			defaultConfigurationName = Release;
		};
		30B09D90253CFFEC004B8FC8 /* Build configuration list for PBXNativeTarget "Project2UITests" */ = {
			isa = XCConfigurationList;
			buildConfigurations = (
				30B09D91253CFFEC004B8FC8 /* Debug */,
				30B09D92253CFFEC004B8FC8 /* Release */,
			);
			defaultConfigurationIsVisible = 0;
			defaultConfigurationName = Release;
		};
/* End XCConfigurationList section */
	};
	rootObject = 30B09D58253CFFEB004B8FC8 /* Project object */;
}
