// !$*UTF8*$!
{
	archiveVersion = 1;
	classes = {
	};
	objectVersion = 50;
	objects = {

/* Begin PBXBuildFile section */
		305264CE252EC79400FD8247 /* AppDelegate.swift in Sources */ = {isa = PBXBuildFile; fileRef = 305264CD252EC79400FD8247 /* AppDelegate.swift */; };
		305264D0252EC79400FD8247 /* SceneDelegate.swift in Sources */ = {isa = PBXBuildFile; fileRef = 305264CF252EC79400FD8247 /* SceneDelegate.swift */; };
		305264D2252EC79400FD8247 /* ViewController.swift in Sources */ = {isa = PBXBuildFile; fileRef = 305264D1252EC79400FD8247 /* ViewController.swift */; };
		305264D5252EC79400FD8247 /* Main.storyboard in Resources */ = {isa = PBXBuildFile; fileRef = 305264D3252EC79400FD8247 /* Main.storyboard */; };
		305264D7252EC79600FD8247 /* Assets.xcassets in Resources */ = {isa = PBXBuildFile; fileRef = 305264D6252EC79600FD8247 /* Assets.xcassets */; };
		305264DA252EC79600FD8247 /* LaunchScreen.storyboard in Resources */ = {isa = PBXBuildFile; fileRef = 305264D8252EC79600FD8247 /* LaunchScreen.storyboard */; };
		305264E5252EC79600FD8247 /* Project1Tests.swift in Sources */ = {isa = PBXBuildFile; fileRef = 305264E4252EC79600FD8247 /* Project1Tests.swift */; };
		305264F0252EC79600FD8247 /* Project1UITests.swift in Sources */ = {isa = PBXBuildFile; fileRef = 305264EF252EC79600FD8247 /* Project1UITests.swift */; };
/* End PBXBuildFile section */

/* Begin PBXContainerItemProxy section */
		305264E1252EC79600FD8247 /* PBXContainerItemProxy */ = {
			isa = PBXContainerItemProxy;
			containerPortal = 305264C2252EC79400FD8247 /* Project object */;
			proxyType = 1;
			remoteGlobalIDString = 305264C9252EC79400FD8247;
			remoteInfo = Project1;
		};
		305264EC252EC79600FD8247 /* PBXContainerItemProxy */ = {
			isa = PBXContainerItemProxy;
			containerPortal = 305264C2252EC79400FD8247 /* Project object */;
			proxyType = 1;
			remoteGlobalIDString = 305264C9252EC79400FD8247;
			remoteInfo = Project1;
		};
/* End PBXContainerItemProxy section */

/* Begin PBXFileReference section */
		305264CA252EC79400FD8247 /* Project1.app */ = {isa = PBXFileReference; explicitFileType = wrapper.application; includeInIndex = 0; path = Project1.app; sourceTree = BUILT_PRODUCTS_DIR; };
		305264CD252EC79400FD8247 /* AppDelegate.swift */ = {isa = PBXFileReference; lastKnownFileType = sourcecode.swift; path = AppDelegate.swift; sourceTree = "<group>"; };
		305264CF252EC79400FD8247 /* SceneDelegate.swift */ = {isa = PBXFileReference; lastKnownFileType = sourcecode.swift; path = SceneDelegate.swift; sourceTree = "<group>"; };
		305264D1252EC79400FD8247 /* ViewController.swift */ = {isa = PBXFileReference; lastKnownFileType = sourcecode.swift; path = ViewController.swift; sourceTree = "<group>"; };
		305264D4252EC79400FD8247 /* Base */ = {isa = PBXFileReference; lastKnownFileType = file.storyboard; name = Base; path = Base.lproj/Main.storyboard; sourceTree = "<group>"; };
		305264D6252EC79600FD8247 /* Assets.xcassets */ = {isa = PBXFileReference; lastKnownFileType = folder.assetcatalog; path = Assets.xcassets; sourceTree = "<group>"; };
		305264D9252EC79600FD8247 /* Base */ = {isa = PBXFileReference; lastKnownFileType = file.storyboard; name = Base; path = Base.lproj/LaunchScreen.storyboard; sourceTree = "<group>"; };
		305264DB252EC79600FD8247 /* Info.plist */ = {isa = PBXFileReference; lastKnownFileType = text.plist.xml; path = Info.plist; sourceTree = "<group>"; };
		305264E0252EC79600FD8247 /* Project1Tests.xctest */ = {isa = PBXFileReference; explicitFileType = wrapper.cfbundle; includeInIndex = 0; path = Project1Tests.xctest; sourceTree = BUILT_PRODUCTS_DIR; };
		305264E4252EC79600FD8247 /* Project1Tests.swift */ = {isa = PBXFileReference; lastKnownFileType = sourcecode.swift; path = Project1Tests.swift; sourceTree = "<group>"; };
		305264E6252EC79600FD8247 /* Info.plist */ = {isa = PBXFileReference; lastKnownFileType = text.plist.xml; path = Info.plist; sourceTree = "<group>"; };
		305264EB252EC79600FD8247 /* Project1UITests.xctest */ = {isa = PBXFileReference; explicitFileType = wrapper.cfbundle; includeInIndex = 0; path = Project1UITests.xctest; sourceTree = BUILT_PRODUCTS_DIR; };
		305264EF252EC79600FD8247 /* Project1UITests.swift */ = {isa = PBXFileReference; lastKnownFileType = sourcecode.swift; path = Project1UITests.swift; sourceTree = "<group>"; };
		305264F1252EC79600FD8247 /* Info.plist */ = {isa = PBXFileReference; lastKnownFileType = text.plist.xml; path = Info.plist; sourceTree = "<group>"; };
/* End PBXFileReference section */

/* Begin PBXFrameworksBuildPhase section */
		305264C7252EC79400FD8247 /* Frameworks */ = {
			isa = PBXFrameworksBuildPhase;
			buildActionMask = 2147483647;
			files = (
			);
			runOnlyForDeploymentPostprocessing = 0;
		};
		305264DD252EC79600FD8247 /* Frameworks */ = {
			isa = PBXFrameworksBuildPhase;
			buildActionMask = 2147483647;
			files = (
			);
			runOnlyForDeploymentPostprocessing = 0;
		};
		305264E8252EC79600FD8247 /* Frameworks */ = {
			isa = PBXFrameworksBuildPhase;
			buildActionMask = 2147483647;
			files = (
			);
			runOnlyForDeploymentPostprocessing = 0;
		};
/* End PBXFrameworksBuildPhase section */

/* Begin PBXGroup section */
		305264C1252EC79400FD8247 = {
			isa = PBXGroup;
			children = (
				305264CC252EC79400FD8247 /* Project1 */,
				305264E3252EC79600FD8247 /* Project1Tests */,
				305264EE252EC79600FD8247 /* Project1UITests */,
				305264CB252EC79400FD8247 /* Products */,
			);
			sourceTree = "<group>";
		};
		305264CB252EC79400FD8247 /* Products */ = {
			isa = PBXGroup;
			children = (
				305264CA252EC79400FD8247 /* Project1.app */,
				305264E0252EC79600FD8247 /* Project1Tests.xctest */,
				305264EB252EC79600FD8247 /* Project1UITests.xctest */,
			);
			name = Products;
			sourceTree = "<group>";
		};
		305264CC252EC79400FD8247 /* Project1 */ = {
			isa = PBXGroup;
			children = (
				305264CD252EC79400FD8247 /* AppDelegate.swift */,
				305264CF252EC79400FD8247 /* SceneDelegate.swift */,
				305264D1252EC79400FD8247 /* ViewController.swift */,
				305264D3252EC79400FD8247 /* Main.storyboard */,
				305264D6252EC79600FD8247 /* Assets.xcassets */,
				305264D8252EC79600FD8247 /* LaunchScreen.storyboard */,
				305264DB252EC79600FD8247 /* Info.plist */,
			);
			path = Project1;
			sourceTree = "<group>";
		};
		305264E3252EC79600FD8247 /* Project1Tests */ = {
			isa = PBXGroup;
			children = (
				305264E4252EC79600FD8247 /* Project1Tests.swift */,
				305264E6252EC79600FD8247 /* Info.plist */,
			);
			path = Project1Tests;
			sourceTree = "<group>";
		};
		305264EE252EC79600FD8247 /* Project1UITests */ = {
			isa = PBXGroup;
			children = (
				305264EF252EC79600FD8247 /* Project1UITests.swift */,
				305264F1252EC79600FD8247 /* Info.plist */,
			);
			path = Project1UITests;
			sourceTree = "<group>";
		};
/* End PBXGroup section */

/* Begin PBXNativeTarget section */
		305264C9252EC79400FD8247 /* Project1 */ = {
			isa = PBXNativeTarget;
			buildConfigurationList = 305264F4252EC79600FD8247 /* Build configuration list for PBXNativeTarget "Project1" */;
			buildPhases = (
				305264C6252EC79400FD8247 /* Sources */,
				305264C7252EC79400FD8247 /* Frameworks */,
				305264C8252EC79400FD8247 /* Resources */,
			);
			buildRules = (
			);
			dependencies = (
			);
			name = Project1;
			productName = Project1;
			productReference = 305264CA252EC79400FD8247 /* Project1.app */;
			productType = "com.apple.product-type.application";
		};
		305264DF252EC79600FD8247 /* Project1Tests */ = {
			isa = PBXNativeTarget;
			buildConfigurationList = 305264F7252EC79600FD8247 /* Build configuration list for PBXNativeTarget "Project1Tests" */;
			buildPhases = (
				305264DC252EC79600FD8247 /* Sources */,
				305264DD252EC79600FD8247 /* Frameworks */,
				305264DE252EC79600FD8247 /* Resources */,
			);
			buildRules = (
			);
			dependencies = (
				305264E2252EC79600FD8247 /* PBXTargetDependency */,
			);
			name = Project1Tests;
			productName = Project1Tests;
			productReference = 305264E0252EC79600FD8247 /* Project1Tests.xctest */;
			productType = "com.apple.product-type.bundle.unit-test";
		};
		305264EA252EC79600FD8247 /* Project1UITests */ = {
			isa = PBXNativeTarget;
			buildConfigurationList = 305264FA252EC79600FD8247 /* Build configuration list for PBXNativeTarget "Project1UITests" */;
			buildPhases = (
				305264E7252EC79600FD8247 /* Sources */,
				305264E8252EC79600FD8247 /* Frameworks */,
				305264E9252EC79600FD8247 /* Resources */,
			);
			buildRules = (
			);
			dependencies = (
				305264ED252EC79600FD8247 /* PBXTargetDependency */,
			);
			name = Project1UITests;
			productName = Project1UITests;
			productReference = 305264EB252EC79600FD8247 /* Project1UITests.xctest */;
			productType = "com.apple.product-type.bundle.ui-testing";
		};
/* End PBXNativeTarget section */

/* Begin PBXProject section */
		305264C2252EC79400FD8247 /* Project object */ = {
			isa = PBXProject;
			attributes = {
				LastSwiftUpdateCheck = 1200;
				LastUpgradeCheck = 1200;
				TargetAttributes = {
					305264C9252EC79400FD8247 = {
						CreatedOnToolsVersion = 12.0.1;
					};
					305264DF252EC79600FD8247 = {
						CreatedOnToolsVersion = 12.0.1;
						TestTargetID = 305264C9252EC79400FD8247;
					};
					305264EA252EC79600FD8247 = {
						CreatedOnToolsVersion = 12.0.1;
						TestTargetID = 305264C9252EC79400FD8247;
					};
				};
			};
			buildConfigurationList = 305264C5252EC79400FD8247 /* Build configuration list for PBXProject "Project1" */;
			compatibilityVersion = "Xcode 9.3";
			developmentRegion = en;
			hasScannedForEncodings = 0;
			knownRegions = (
				en,
				Base,
			);
			mainGroup = 305264C1252EC79400FD8247;
			productRefGroup = 305264CB252EC79400FD8247 /* Products */;
			projectDirPath = "";
			projectRoot = "";
			targets = (
				305264C9252EC79400FD8247 /* Project1 */,
				305264DF252EC79600FD8247 /* Project1Tests */,
				305264EA252EC79600FD8247 /* Project1UITests */,
			);
		};
/* End PBXProject section */

/* Begin PBXResourcesBuildPhase section */
		305264C8252EC79400FD8247 /* Resources */ = {
			isa = PBXResourcesBuildPhase;
			buildActionMask = 2147483647;
			files = (
				305264DA252EC79600FD8247 /* LaunchScreen.storyboard in Resources */,
				305264D7252EC79600FD8247 /* Assets.xcassets in Resources */,
				305264D5252EC79400FD8247 /* Main.storyboard in Resources */,
			);
			runOnlyForDeploymentPostprocessing = 0;
		};
		305264DE252EC79600FD8247 /* Resources */ = {
			isa = PBXResourcesBuildPhase;
			buildActionMask = 2147483647;
			files = (
			);
			runOnlyForDeploymentPostprocessing = 0;
		};
		305264E9252EC79600FD8247 /* Resources */ = {
			isa = PBXResourcesBuildPhase;
			buildActionMask = 2147483647;
			files = (
			);
			runOnlyForDeploymentPostprocessing = 0;
		};
/* End PBXResourcesBuildPhase section */

/* Begin PBXSourcesBuildPhase section */
		305264C6252EC79400FD8247 /* Sources */ = {
			isa = PBXSourcesBuildPhase;
			buildActionMask = 2147483647;
			files = (
				305264D2252EC79400FD8247 /* ViewController.swift in Sources */,
				305264CE252EC79400FD8247 /* AppDelegate.swift in Sources */,
				305264D0252EC79400FD8247 /* SceneDelegate.swift in Sources */,
			);
			runOnlyForDeploymentPostprocessing = 0;
		};
		305264DC252EC79600FD8247 /* Sources */ = {
			isa = PBXSourcesBuildPhase;
			buildActionMask = 2147483647;
			files = (
				305264E5252EC79600FD8247 /* Project1Tests.swift in Sources */,
			);
			runOnlyForDeploymentPostprocessing = 0;
		};
		305264E7252EC79600FD8247 /* Sources */ = {
			isa = PBXSourcesBuildPhase;
			buildActionMask = 2147483647;
			files = (
				305264F0252EC79600FD8247 /* Project1UITests.swift in Sources */,
			);
			runOnlyForDeploymentPostprocessing = 0;
		};
/* End PBXSourcesBuildPhase section */

/* Begin PBXTargetDependency section */
		305264E2252EC79600FD8247 /* PBXTargetDependency */ = {
			isa = PBXTargetDependency;
			target = 305264C9252EC79400FD8247 /* Project1 */;
			targetProxy = 305264E1252EC79600FD8247 /* PBXContainerItemProxy */;
		};
		305264ED252EC79600FD8247 /* PBXTargetDependency */ = {
			isa = PBXTargetDependency;
			target = 305264C9252EC79400FD8247 /* Project1 */;
			targetProxy = 305264EC252EC79600FD8247 /* PBXContainerItemProxy */;
		};
/* End PBXTargetDependency section */

/* Begin PBXVariantGroup section */
		305264D3252EC79400FD8247 /* Main.storyboard */ = {
			isa = PBXVariantGroup;
			children = (
				305264D4252EC79400FD8247 /* Base */,
			);
			name = Main.storyboard;
			sourceTree = "<group>";
		};
		305264D8252EC79600FD8247 /* LaunchScreen.storyboard */ = {
			isa = PBXVariantGroup;
			children = (
				305264D9252EC79600FD8247 /* Base */,
			);
			name = LaunchScreen.storyboard;
			sourceTree = "<group>";
		};
/* End PBXVariantGroup section */

/* Begin XCBuildConfiguration section */
		305264F2252EC79600FD8247 /* Debug */ = {
			isa = XCBuildConfiguration;
			buildSettings = {
				ALWAYS_SEARCH_USER_PATHS = NO;
				CLANG_ANALYZER_NONNULL = YES;
				CLANG_ANALYZER_NUMBER_OBJECT_CONVERSION = YES_AGGRESSIVE;
				CLANG_CXX_LANGUAGE_STANDARD = "gnu++14";
				CLANG_CXX_LIBRARY = "libc++";
				CLANG_ENABLE_MODULES = YES;
				CLANG_ENABLE_OBJC_ARC = YES;
				CLANG_ENABLE_OBJC_WEAK = YES;
				CLANG_WARN_BLOCK_CAPTURE_AUTORELEASING = YES;
				CLANG_WARN_BOOL_CONVERSION = YES;
				CLANG_WARN_COMMA = YES;
				CLANG_WARN_CONSTANT_CONVERSION = YES;
				CLANG_WARN_DEPRECATED_OBJC_IMPLEMENTATIONS = YES;
				CLANG_WARN_DIRECT_OBJC_ISA_USAGE = YES_ERROR;
				CLANG_WARN_DOCUMENTATION_COMMENTS = YES;
				CLANG_WARN_EMPTY_BODY = YES;
				CLANG_WARN_ENUM_CONVERSION = YES;
				CLANG_WARN_INFINITE_RECURSION = YES;
				CLANG_WARN_INT_CONVERSION = YES;
				CLANG_WARN_NON_LITERAL_NULL_CONVERSION = YES;
				CLANG_WARN_OBJC_IMPLICIT_RETAIN_SELF = YES;
				CLANG_WARN_OBJC_LITERAL_CONVERSION = YES;
				CLANG_WARN_OBJC_ROOT_CLASS = YES_ERROR;
				CLANG_WARN_QUOTED_INCLUDE_IN_FRAMEWORK_HEADER = YES;
				CLANG_WARN_RANGE_LOOP_ANALYSIS = YES;
				CLANG_WARN_STRICT_PROTOTYPES = YES;
				CLANG_WARN_SUSPICIOUS_MOVE = YES;
				CLANG_WARN_UNGUARDED_AVAILABILITY = YES_AGGRESSIVE;
				CLANG_WARN_UNREACHABLE_CODE = YES;
				CLANG_WARN__DUPLICATE_METHOD_MATCH = YES;
				COPY_PHASE_STRIP = NO;
				DEBUG_INFORMATION_FORMAT = dwarf;
				ENABLE_STRICT_OBJC_MSGSEND = YES;
				ENABLE_TESTABILITY = YES;
				GCC_C_LANGUAGE_STANDARD = gnu11;
				GCC_DYNAMIC_NO_PIC = NO;
				GCC_NO_COMMON_BLOCKS = YES;
				GCC_OPTIMIZATION_LEVEL = 0;
				GCC_PREPROCESSOR_DEFINITIONS = (
					"DEBUG=1",
					"$(inherited)",
				);
				GCC_WARN_64_TO_32_BIT_CONVERSION = YES;
				GCC_WARN_ABOUT_RETURN_TYPE = YES_ERROR;
				GCC_WARN_UNDECLARED_SELECTOR = YES;
				GCC_WARN_UNINITIALIZED_AUTOS = YES_AGGRESSIVE;
				GCC_WARN_UNUSED_FUNCTION = YES;
				GCC_WARN_UNUSED_VARIABLE = YES;
				IPHONEOS_DEPLOYMENT_TARGET = 14.0;
				MTL_ENABLE_DEBUG_INFO = INCLUDE_SOURCE;
				MTL_FAST_MATH = YES;
				ONLY_ACTIVE_ARCH = YES;
				SDKROOT = iphoneos;
				SWIFT_ACTIVE_COMPILATION_CONDITIONS = DEBUG;
				SWIFT_OPTIMIZATION_LEVEL = "-Onone";
			};
			name = Debug;
		};
		305264F3252EC79600FD8247 /* Release */ = {
			isa = XCBuildConfiguration;
			buildSettings = {
				ALWAYS_SEARCH_USER_PATHS = NO;
				CLANG_ANALYZER_NONNULL = YES;
				CLANG_ANALYZER_NUMBER_OBJECT_CONVERSION = YES_AGGRESSIVE;
				CLANG_CXX_LANGUAGE_STANDARD = "gnu++14";
				CLANG_CXX_LIBRARY = "libc++";
				CLANG_ENABLE_MODULES = YES;
				CLANG_ENABLE_OBJC_ARC = YES;
				CLANG_ENABLE_OBJC_WEAK = YES;
				CLANG_WARN_BLOCK_CAPTURE_AUTORELEASING = YES;
				CLANG_WARN_BOOL_CONVERSION = YES;
				CLANG_WARN_COMMA = YES;
				CLANG_WARN_CONSTANT_CONVERSION = YES;
				CLANG_WARN_DEPRECATED_OBJC_IMPLEMENTATIONS = YES;
				CLANG_WARN_DIRECT_OBJC_ISA_USAGE = YES_ERROR;
				CLANG_WARN_DOCUMENTATION_COMMENTS = YES;
				CLANG_WARN_EMPTY_BODY = YES;
				CLANG_WARN_ENUM_CONVERSION = YES;
				CLANG_WARN_INFINITE_RECURSION = YES;
				CLANG_WARN_INT_CONVERSION = YES;
				CLANG_WARN_NON_LITERAL_NULL_CONVERSION = YES;
				CLANG_WARN_OBJC_IMPLICIT_RETAIN_SELF = YES;
				CLANG_WARN_OBJC_LITERAL_CONVERSION = YES;
				CLANG_WARN_OBJC_ROOT_CLASS = YES_ERROR;
				CLANG_WARN_QUOTED_INCLUDE_IN_FRAMEWORK_HEADER = YES;
				CLANG_WARN_RANGE_LOOP_ANALYSIS = YES;
				CLANG_WARN_STRICT_PROTOTYPES = YES;
				CLANG_WARN_SUSPICIOUS_MOVE = YES;
				CLANG_WARN_UNGUARDED_AVAILABILITY = YES_AGGRESSIVE;
				CLANG_WARN_UNREACHABLE_CODE = YES;
				CLANG_WARN__DUPLICATE_METHOD_MATCH = YES;
				COPY_PHASE_STRIP = NO;
				DEBUG_INFORMATION_FORMAT = "dwarf-with-dsym";
				ENABLE_NS_ASSERTIONS = NO;
				ENABLE_STRICT_OBJC_MSGSEND = YES;
				GCC_C_LANGUAGE_STANDARD = gnu11;
				GCC_NO_COMMON_BLOCKS = YES;
				GCC_WARN_64_TO_32_BIT_CONVERSION = YES;
				GCC_WARN_ABOUT_RETURN_TYPE = YES_ERROR;
				GCC_WARN_UNDECLARED_SELECTOR = YES;
				GCC_WARN_UNINITIALIZED_AUTOS = YES_AGGRESSIVE;
				GCC_WARN_UNUSED_FUNCTION = YES;
				GCC_WARN_UNUSED_VARIABLE = YES;
				IPHONEOS_DEPLOYMENT_TARGET = 14.0;
				MTL_ENABLE_DEBUG_INFO = NO;
				MTL_FAST_MATH = YES;
				SDKROOT = iphoneos;
				SWIFT_COMPILATION_MODE = wholemodule;
				SWIFT_OPTIMIZATION_LEVEL = "-O";
				VALIDATE_PRODUCT = YES;
			};
			name = Release;
		};
		305264F5252EC79600FD8247 /* Debug */ = {
			isa = XCBuildConfiguration;
			buildSettings = {
				ASSETCATALOG_COMPILER_APPICON_NAME = AppIcon;
				ASSETCATALOG_COMPILER_GLOBAL_ACCENT_COLOR_NAME = AccentColor;
				CODE_SIGN_STYLE = Automatic;
				INFOPLIST_FILE = Project1/Info.plist;
				LD_RUNPATH_SEARCH_PATHS = (
					"$(inherited)",
					"@executable_path/Frameworks",
				);
				PRODUCT_BUNDLE_IDENTIFIER = Chris.Project1;
				PRODUCT_NAME = "$(TARGET_NAME)";
				SWIFT_VERSION = 5.0;
				TARGETED_DEVICE_FAMILY = "1,2";
			};
			name = Debug;
		};
		305264F6252EC79600FD8247 /* Release */ = {
			isa = XCBuildConfiguration;
			buildSettings = {
				ASSETCATALOG_COMPILER_APPICON_NAME = AppIcon;
				ASSETCATALOG_COMPILER_GLOBAL_ACCENT_COLOR_NAME = AccentColor;
				CODE_SIGN_STYLE = Automatic;
				INFOPLIST_FILE = Project1/Info.plist;
				LD_RUNPATH_SEARCH_PATHS = (
					"$(inherited)",
					"@executable_path/Frameworks",
				);
				PRODUCT_BUNDLE_IDENTIFIER = Chris.Project1;
				PRODUCT_NAME = "$(TARGET_NAME)";
				SWIFT_VERSION = 5.0;
				TARGETED_DEVICE_FAMILY = "1,2";
			};
			name = Release;
		};
		305264F8252EC79600FD8247 /* Debug */ = {
			isa = XCBuildConfiguration;
			buildSettings = {
				ALWAYS_EMBED_SWIFT_STANDARD_LIBRARIES = YES;
				BUNDLE_LOADER = "$(TEST_HOST)";
				CODE_SIGN_STYLE = Automatic;
				INFOPLIST_FILE = Project1Tests/Info.plist;
				IPHONEOS_DEPLOYMENT_TARGET = 14.0;
				LD_RUNPATH_SEARCH_PATHS = (
					"$(inherited)",
					"@executable_path/Frameworks",
					"@loader_path/Frameworks",
				);
				PRODUCT_BUNDLE_IDENTIFIER = Chris.Project1Tests;
				PRODUCT_NAME = "$(TARGET_NAME)";
				SWIFT_VERSION = 5.0;
				TARGETED_DEVICE_FAMILY = "1,2";
				TEST_HOST = "$(BUILT_PRODUCTS_DIR)/Project1.app/Project1";
			};
			name = Debug;
		};
		305264F9252EC79600FD8247 /* Release */ = {
			isa = XCBuildConfiguration;
			buildSettings = {
				ALWAYS_EMBED_SWIFT_STANDARD_LIBRARIES = YES;
				BUNDLE_LOADER = "$(TEST_HOST)";
				CODE_SIGN_STYLE = Automatic;
				INFOPLIST_FILE = Project1Tests/Info.plist;
				IPHONEOS_DEPLOYMENT_TARGET = 14.0;
				LD_RUNPATH_SEARCH_PATHS = (
					"$(inherited)",
					"@executable_path/Frameworks",
					"@loader_path/Frameworks",
				);
				PRODUCT_BUNDLE_IDENTIFIER = Chris.Project1Tests;
				PRODUCT_NAME = "$(TARGET_NAME)";
				SWIFT_VERSION = 5.0;
				TARGETED_DEVICE_FAMILY = "1,2";
				TEST_HOST = "$(BUILT_PRODUCTS_DIR)/Project1.app/Project1";
			};
			name = Release;
		};
		305264FB252EC79600FD8247 /* Debug */ = {
			isa = XCBuildConfiguration;
			buildSettings = {
				ALWAYS_EMBED_SWIFT_STANDARD_LIBRARIES = YES;
				CODE_SIGN_STYLE = Automatic;
				INFOPLIST_FILE = Project1UITests/Info.plist;
				LD_RUNPATH_SEARCH_PATHS = (
					"$(inherited)",
					"@executable_path/Frameworks",
					"@loader_path/Frameworks",
				);
				PRODUCT_BUNDLE_IDENTIFIER = Chris.Project1UITests;
				PRODUCT_NAME = "$(TARGET_NAME)";
				SWIFT_VERSION = 5.0;
				TARGETED_DEVICE_FAMILY = "1,2";
				TEST_TARGET_NAME = Project1;
			};
			name = Debug;
		};
		305264FC252EC79600FD8247 /* Release */ = {
			isa = XCBuildConfiguration;
			buildSettings = {
				ALWAYS_EMBED_SWIFT_STANDARD_LIBRARIES = YES;
				CODE_SIGN_STYLE = Automatic;
				INFOPLIST_FILE = Project1UITests/Info.plist;
				LD_RUNPATH_SEARCH_PATHS = (
					"$(inherited)",
					"@executable_path/Frameworks",
					"@loader_path/Frameworks",
				);
				PRODUCT_BUNDLE_IDENTIFIER = Chris.Project1UITests;
				PRODUCT_NAME = "$(TARGET_NAME)";
				SWIFT_VERSION = 5.0;
				TARGETED_DEVICE_FAMILY = "1,2";
				TEST_TARGET_NAME = Project1;
			};
			name = Release;
		};
/* End XCBuildConfiguration section */

/* Begin XCConfigurationList section */
		305264C5252EC79400FD8247 /* Build configuration list for PBXProject "Project1" */ = {
			isa = XCConfigurationList;
			buildConfigurations = (
				305264F2252EC79600FD8247 /* Debug */,
				305264F3252EC79600FD8247 /* Release */,
			);
			defaultConfigurationIsVisible = 0;
			defaultConfigurationName = Release;
		};
		305264F4252EC79600FD8247 /* Build configuration list for PBXNativeTarget "Project1" */ = {
			isa = XCConfigurationList;
			buildConfigurations = (
				305264F5252EC79600FD8247 /* Debug */,
				305264F6252EC79600FD8247 /* Release */,
			);
			defaultConfigurationIsVisible = 0;
			defaultConfigurationName = Release;
		};
		305264F7252EC79600FD8247 /* Build configuration list for PBXNativeTarget "Project1Tests" */ = {
			isa = XCConfigurationList;
			buildConfigurations = (
				305264F8252EC79600FD8247 /* Debug */,
				305264F9252EC79600FD8247 /* Release */,
			);
			defaultConfigurationIsVisible = 0;
			defaultConfigurationName = Release;
		};
		305264FA252EC79600FD8247 /* Build configuration list for PBXNativeTarget "Project1UITests" */ = {
			isa = XCConfigurationList;
			buildConfigurations = (
				305264FB252EC79600FD8247 /* Debug */,
				305264FC252EC79600FD8247 /* Release */,
			);
			defaultConfigurationIsVisible = 0;
			defaultConfigurationName = Release;
		};
/* End XCConfigurationList section */
	};
	rootObject = 305264C2252EC79400FD8247 /* Project object */;
}
